// !$*UTF8*$!
{
	archiveVersion = 1;
	classes = {
	};
	objectVersion = 77;
	objects = {

/* Begin PBXBuildFile section */
		6F545FB72DE6021A00EC377D /* FacebookBasics in Frameworks */ = {isa = PBXBuildFile; productRef = 6F545FB62DE6021A00EC377D /* FacebookBasics */; };
		6F545FB92DE6021A00EC377D /* FacebookCore in Frameworks */ = {isa = PBXBuildFile; productRef = 6F545FB82DE6021A00EC377D /* FacebookCore */; };
		6F545FBB2DE6021A00EC377D /* FacebookLogin in Frameworks */ = {isa = PBXBuildFile; productRef = 6F545FBA2DE6021A00EC377D /* FacebookLogin */; };
		6FD75B802DF917F60047CD9E /* GooglePlaces in Frameworks */ = {isa = PBXBuildFile; productRef = 6FD75B7F2DF917F60047CD9E /* GooglePlaces */; };
		6FD75B822DF917F60047CD9E /* GooglePlacesSwift in Frameworks */ = {isa = PBXBuildFile; productRef = 6FD75B812DF917F60047CD9E /* GooglePlacesSwift */; };
		6FD782322DDB603400443471 /* GoogleSignIn in Frameworks */ = {isa = PBXBuildFile; productRef = 6FD782312DDB603400443471 /* GoogleSignIn */; };
		6FD782342DDB603400443471 /* GoogleSignInSwift in Frameworks */ = {isa = PBXBuildFile; productRef = 6FD782332DDB603400443471 /* GoogleSignInSwift */; };
		6FE8F0B72DF7C276007CB88E /* FirebaseAnalytics in Frameworks */ = {isa = PBXBuildFile; productRef = 6FE8F0B62DF7C276007CB88E /* FirebaseAnalytics */; };
		6FE8F0B92DF7C291007CB88E /* FirebaseAuth in Frameworks */ = {isa = PBXBuildFile; productRef = 6FE8F0B82DF7C291007CB88E /* FirebaseAuth */; };
/* End PBXBuildFile section */

/* Begin PBXContainerItemProxy section */
		6F9360AE2DD9725C0065A440 /* PBXContainerItemProxy */ = {
			isa = PBXContainerItemProxy;
			containerPortal = 6F93608F2DD9725A0065A440 /* Project object */;
			proxyType = 1;
			remoteGlobalIDString = 6F9360962DD9725A0065A440;
			remoteInfo = "Circles-iOS-UIKit";
		};
		6F9360B82DD9725C0065A440 /* PBXContainerItemProxy */ = {
			isa = PBXContainerItemProxy;
			containerPortal = 6F93608F2DD9725A0065A440 /* Project object */;
			proxyType = 1;
			remoteGlobalIDString = 6F9360962DD9725A0065A440;
			remoteInfo = "Circles-iOS-UIKit";
		};
/* End PBXContainerItemProxy section */

/* Begin PBXFileReference section */
		6F9360972DD9725A0065A440 /* Circles-iOS.app */ = {isa = PBXFileReference; explicitFileType = wrapper.application; includeInIndex = 0; path = "Circles-iOS.app"; sourceTree = BUILT_PRODUCTS_DIR; };
		6F9360AD2DD9725C0065A440 /* Circles-iOSTests.xctest */ = {isa = PBXFileReference; explicitFileType = wrapper.cfbundle; includeInIndex = 0; path = "Circles-iOSTests.xctest"; sourceTree = BUILT_PRODUCTS_DIR; };
		6F9360B72DD9725C0065A440 /* Circles-iOSUITests.xctest */ = {isa = PBXFileReference; explicitFileType = wrapper.cfbundle; includeInIndex = 0; path = "Circles-iOSUITests.xctest"; sourceTree = BUILT_PRODUCTS_DIR; };
/* End PBXFileReference section */

/* Begin PBXFileSystemSynchronizedBuildFileExceptionSet section */
		6F9360BF2DD9725C0065A440 /* Exceptions for "Circles-iOS-UIKit" folder in "Circles-iOS" target */ = {
			isa = PBXFileSystemSynchronizedBuildFileExceptionSet;
			membershipExceptions = (
				Info.plist,
			);
			target = 6F9360962DD9725A0065A440 /* Circles-iOS */;
		};
/* End PBXFileSystemSynchronizedBuildFileExceptionSet section */

/* Begin PBXFileSystemSynchronizedRootGroup section */
		6F9360992DD9725A0065A440 /* Circles-iOS-UIKit */ = {
			isa = PBXFileSystemSynchronizedRootGroup;
			exceptions = (
				6F9360BF2DD9725C0065A440 /* Exceptions for "Circles-iOS-UIKit" folder in "Circles-iOS" target */,
			);
			path = "Circles-iOS-UIKit";
			sourceTree = "<group>";
		};
		6F9360B02DD9725C0065A440 /* Circles-iOS-UIKitTests */ = {
			isa = PBXFileSystemSynchronizedRootGroup;
			path = "Circles-iOS-UIKitTests";
			sourceTree = "<group>";
		};
		6F9360BA2DD9725C0065A440 /* Circles-iOS-UIKitUITests */ = {
			isa = PBXFileSystemSynchronizedRootGroup;
			path = "Circles-iOS-UIKitUITests";
			sourceTree = "<group>";
		};
/* End PBXFileSystemSynchronizedRootGroup section */

/* Begin PBXFrameworksBuildPhase section */
		6F9360942DD9725A0065A440 /* Frameworks */ = {
			isa = PBXFrameworksBuildPhase;
			buildActionMask = 2147483647;
			files = (
				6F545FBB2DE6021A00EC377D /* FacebookLogin in Frameworks */,
				6FD75B802DF917F60047CD9E /* GooglePlaces in Frameworks */,
				6F545FB72DE6021A00EC377D /* FacebookBasics in Frameworks */,
				6FE8F0B72DF7C276007CB88E /* FirebaseAnalytics in Frameworks */,
				6FD782322DDB603400443471 /* GoogleSignIn in Frameworks */,
				6FD75B822DF917F60047CD9E /* GooglePlacesSwift in Frameworks */,
				6FD782342DDB603400443471 /* GoogleSignInSwift in Frameworks */,
				6FE8F0B92DF7C291007CB88E /* FirebaseAuth in Frameworks */,
				6F545FB92DE6021A00EC377D /* FacebookCore in Frameworks */,
			);
			runOnlyForDeploymentPostprocessing = 0;
		};
		6F9360AA2DD9725C0065A440 /* Frameworks */ = {
			isa = PBXFrameworksBuildPhase;
			buildActionMask = 2147483647;
			files = (
			);
			runOnlyForDeploymentPostprocessing = 0;
		};
		6F9360B42DD9725C0065A440 /* Frameworks */ = {
			isa = PBXFrameworksBuildPhase;
			buildActionMask = 2147483647;
			files = (
			);
			runOnlyForDeploymentPostprocessing = 0;
		};
/* End PBXFrameworksBuildPhase section */

/* Begin PBXGroup section */
		6F93608E2DD9725A0065A440 = {
			isa = PBXGroup;
			children = (
				6F9360992DD9725A0065A440 /* Circles-iOS-UIKit */,
				6F9360B02DD9725C0065A440 /* Circles-iOS-UIKitTests */,
				6F9360BA2DD9725C0065A440 /* Circles-iOS-UIKitUITests */,
				6FE8F0B52DF7C276007CB88E /* Frameworks */,
				6F9360982DD9725A0065A440 /* Products */,
			);
			sourceTree = "<group>";
		};
		6F9360982DD9725A0065A440 /* Products */ = {
			isa = PBXGroup;
			children = (
				6F9360972DD9725A0065A440 /* Circles-iOS.app */,
				6F9360AD2DD9725C0065A440 /* Circles-iOSTests.xctest */,
				6F9360B72DD9725C0065A440 /* Circles-iOSUITests.xctest */,
			);
			name = Products;
			sourceTree = "<group>";
		};
		6FE8F0B52DF7C276007CB88E /* Frameworks */ = {
			isa = PBXGroup;
			children = (
			);
			name = Frameworks;
			sourceTree = "<group>";
		};
/* End PBXGroup section */

/* Begin PBXNativeTarget section */
		6F9360962DD9725A0065A440 /* Circles-iOS */ = {
			isa = PBXNativeTarget;
			buildConfigurationList = 6F9360C02DD9725C0065A440 /* Build configuration list for PBXNativeTarget "Circles-iOS" */;
			buildPhases = (
				6F9360932DD9725A0065A440 /* Sources */,
				6F9360942DD9725A0065A440 /* Frameworks */,
				6F9360952DD9725A0065A440 /* Resources */,
			);
			buildRules = (
			);
			dependencies = (
			);
			fileSystemSynchronizedGroups = (
				6F9360992DD9725A0065A440 /* Circles-iOS-UIKit */,
			);
			name = "Circles-iOS";
			packageProductDependencies = (
				6FD782312DDB603400443471 /* GoogleSignIn */,
				6FD782332DDB603400443471 /* GoogleSignInSwift */,
				6F545FB62DE6021A00EC377D /* FacebookBasics */,
				6F545FB82DE6021A00EC377D /* FacebookCore */,
				6F545FBA2DE6021A00EC377D /* FacebookLogin */,
				6FE8F0B62DF7C276007CB88E /* FirebaseAnalytics */,
				6FE8F0B82DF7C291007CB88E /* FirebaseAuth */,
				6FD75B7F2DF917F60047CD9E /* GooglePlaces */,
				6FD75B812DF917F60047CD9E /* GooglePlacesSwift */,
			);
			productName = "Circles-iOS-UIKit";
			productReference = 6F9360972DD9725A0065A440 /* Circles-iOS.app */;
			productType = "com.apple.product-type.application";
		};
		6F9360AC2DD9725C0065A440 /* Circles-iOSTests */ = {
			isa = PBXNativeTarget;
			buildConfigurationList = 6F9360C52DD9725C0065A440 /* Build configuration list for PBXNativeTarget "Circles-iOSTests" */;
			buildPhases = (
				6F9360A92DD9725C0065A440 /* Sources */,
				6F9360AA2DD9725C0065A440 /* Frameworks */,
				6F9360AB2DD9725C0065A440 /* Resources */,
			);
			buildRules = (
			);
			dependencies = (
				6F9360AF2DD9725C0065A440 /* PBXTargetDependency */,
			);
			fileSystemSynchronizedGroups = (
				6F9360B02DD9725C0065A440 /* Circles-iOS-UIKitTests */,
			);
			name = "Circles-iOSTests";
			packageProductDependencies = (
			);
			productName = "Circles-iOS-UIKitTests";
			productReference = 6F9360AD2DD9725C0065A440 /* Circles-iOSTests.xctest */;
			productType = "com.apple.product-type.bundle.unit-test";
		};
		6F9360B62DD9725C0065A440 /* Circles-iOSUITests */ = {
			isa = PBXNativeTarget;
			buildConfigurationList = 6F9360C82DD9725C0065A440 /* Build configuration list for PBXNativeTarget "Circles-iOSUITests" */;
			buildPhases = (
				6F9360B32DD9725C0065A440 /* Sources */,
				6F9360B42DD9725C0065A440 /* Frameworks */,
				6F9360B52DD9725C0065A440 /* Resources */,
			);
			buildRules = (
			);
			dependencies = (
				6F9360B92DD9725C0065A440 /* PBXTargetDependency */,
			);
			fileSystemSynchronizedGroups = (
				6F9360BA2DD9725C0065A440 /* Circles-iOS-UIKitUITests */,
			);
			name = "Circles-iOSUITests";
			packageProductDependencies = (
			);
			productName = "Circles-iOS-UIKitUITests";
			productReference = 6F9360B72DD9725C0065A440 /* Circles-iOSUITests.xctest */;
			productType = "com.apple.product-type.bundle.ui-testing";
		};
/* End PBXNativeTarget section */

/* Begin PBXProject section */
		6F93608F2DD9725A0065A440 /* Project object */ = {
			isa = PBXProject;
			attributes = {
				BuildIndependentTargetsInParallel = 1;
				LastSwiftUpdateCheck = 1630;
				LastUpgradeCheck = 1630;
				TargetAttributes = {
					6F9360962DD9725A0065A440 = {
						CreatedOnToolsVersion = 16.3;
					};
					6F9360AC2DD9725C0065A440 = {
						CreatedOnToolsVersion = 16.3;
						TestTargetID = 6F9360962DD9725A0065A440;
					};
					6F9360B62DD9725C0065A440 = {
						CreatedOnToolsVersion = 16.3;
						TestTargetID = 6F9360962DD9725A0065A440;
					};
				};
			};
			buildConfigurationList = 6F9360922DD9725A0065A440 /* Build configuration list for PBXProject "Circles-iOS" */;
			developmentRegion = en;
			hasScannedForEncodings = 0;
			knownRegions = (
				en,
				Base,
			);
			mainGroup = 6F93608E2DD9725A0065A440;
			minimizedProjectReferenceProxies = 1;
			packageReferences = (
				6FD782302DDB603400443471 /* XCRemoteSwiftPackageReference "GoogleSignIn-iOS" */,
				6F545FB52DE6021A00EC377D /* XCRemoteSwiftPackageReference "facebook-ios-sdk" */,
				6FE8F0B42DF7BFA7007CB88E /* XCRemoteSwiftPackageReference "firebase-ios-sdk" */,
				6F2850052DF86D25006E99CA /* XCRemoteSwiftPackageReference "ios-places-sdk" */,
			);
			preferredProjectObjectVersion = 77;
			productRefGroup = 6F9360982DD9725A0065A440 /* Products */;
			projectDirPath = "";
			projectRoot = "";
			targets = (
				6F9360962DD9725A0065A440 /* Circles-iOS */,
				6F9360AC2DD9725C0065A440 /* Circles-iOSTests */,
				6F9360B62DD9725C0065A440 /* Circles-iOSUITests */,
			);
		};
/* End PBXProject section */

/* Begin PBXResourcesBuildPhase section */
		6F9360952DD9725A0065A440 /* Resources */ = {
			isa = PBXResourcesBuildPhase;
			buildActionMask = 2147483647;
			files = (
			);
			runOnlyForDeploymentPostprocessing = 0;
		};
		6F9360AB2DD9725C0065A440 /* Resources */ = {
			isa = PBXResourcesBuildPhase;
			buildActionMask = 2147483647;
			files = (
			);
			runOnlyForDeploymentPostprocessing = 0;
		};
		6F9360B52DD9725C0065A440 /* Resources */ = {
			isa = PBXResourcesBuildPhase;
			buildActionMask = 2147483647;
			files = (
			);
			runOnlyForDeploymentPostprocessing = 0;
		};
/* End PBXResourcesBuildPhase section */

/* Begin PBXSourcesBuildPhase section */
		6F9360932DD9725A0065A440 /* Sources */ = {
			isa = PBXSourcesBuildPhase;
			buildActionMask = 2147483647;
			files = (
			);
			runOnlyForDeploymentPostprocessing = 0;
		};
		6F9360A92DD9725C0065A440 /* Sources */ = {
			isa = PBXSourcesBuildPhase;
			buildActionMask = 2147483647;
			files = (
			);
			runOnlyForDeploymentPostprocessing = 0;
		};
		6F9360B32DD9725C0065A440 /* Sources */ = {
			isa = PBXSourcesBuildPhase;
			buildActionMask = 2147483647;
			files = (
			);
			runOnlyForDeploymentPostprocessing = 0;
		};
/* End PBXSourcesBuildPhase section */

/* Begin PBXTargetDependency section */
		6F9360AF2DD9725C0065A440 /* PBXTargetDependency */ = {
			isa = PBXTargetDependency;
			target = 6F9360962DD9725A0065A440 /* Circles-iOS */;
			targetProxy = 6F9360AE2DD9725C0065A440 /* PBXContainerItemProxy */;
		};
		6F9360B92DD9725C0065A440 /* PBXTargetDependency */ = {
			isa = PBXTargetDependency;
			target = 6F9360962DD9725A0065A440 /* Circles-iOS */;
			targetProxy = 6F9360B82DD9725C0065A440 /* PBXContainerItemProxy */;
		};
/* End PBXTargetDependency section */

/* Begin XCBuildConfiguration section */
		6F9360C12DD9725C0065A440 /* Debug */ = {
			isa = XCBuildConfiguration;
			buildSettings = {
				ASSETCATALOG_COMPILER_APPICON_NAME = AppIcon;
				ASSETCATALOG_COMPILER_GLOBAL_ACCENT_COLOR_NAME = AccentColor;
				ASSETCATALOG_COMPILER_INCLUDE_ALL_APPICON_ASSETS = YES;
				CODE_SIGN_ENTITLEMENTS = "Circles-iOS-UIKit/Circles-iOS.entitlements";
				CODE_SIGN_IDENTITY = "Apple Development";
				CODE_SIGN_STYLE = Automatic;
				CURRENT_PROJECT_VERSION = 1;
				DEVELOPMENT_TEAM = 67E8B4E8HV;
				GENERATE_INFOPLIST_FILE = YES;
				INFOPLIST_FILE = "Circles-iOS-UIKit/Info.plist";
				INFOPLIST_KEY_NSCameraUsageDescription = "Circles needs access to your camera to take photos of places and update your profile picture.";
				INFOPLIST_KEY_NSContactsUsageDescription = "Circles needs access to your contacts to help you find friends.";
				INFOPLIST_KEY_NSLocationAlwaysAndWhenInUseUsageDescription = "Circles needs your location to show places near you and add new places to your circles.";
				INFOPLIST_KEY_NSLocationWhenInUseUsageDescription = "Circles needs your location to show places near you and add new places to your circles.";
				INFOPLIST_KEY_NSPhotoLibraryAddUsageDescription = "Circles needs permission to save photos to your library.";
				INFOPLIST_KEY_NSPhotoLibraryUsageDescription = "Circles needs access to your photos to upload images for places and profiles.";
				INFOPLIST_KEY_UIApplicationSupportsIndirectInputEvents = YES;
				INFOPLIST_KEY_UILaunchStoryboardName = LaunchScreen;
				INFOPLIST_KEY_UIMainStoryboardFile = Main;
				INFOPLIST_KEY_UIRequiresFullScreen = NO;
				INFOPLIST_KEY_UIStatusBarStyle = UIStatusBarStyleDefault;
				INFOPLIST_KEY_UISupportedInterfaceOrientations = UIInterfaceOrientationPortrait;
				INFOPLIST_KEY_UISupportedInterfaceOrientations_iPad = "UIInterfaceOrientationPortrait UIInterfaceOrientationPortraitUpsideDown UIInterfaceOrientationLandscapeLeft UIInterfaceOrientationLandscapeRight";
				INFOPLIST_KEY_UISupportedInterfaceOrientations_iPhone = "UIInterfaceOrientationPortrait UIInterfaceOrientationLandscapeLeft UIInterfaceOrientationLandscapeRight";
				IPHONEOS_DEPLOYMENT_TARGET = 16.0;
				LD_RUNPATH_SEARCH_PATHS = (
					"$(inherited)",
					"@executable_path/Frameworks",
				);
				MARKETING_VERSION = 1.0;
				PRODUCT_BUNDLE_IDENTIFIER = com.favcircles.circles;
				PRODUCT_NAME = "$(TARGET_NAME)";
				PROVISIONING_PROFILE_SPECIFIER = "";
				SWIFT_EMIT_LOC_STRINGS = YES;
				SWIFT_VERSION = 5.0;
				TARGETED_DEVICE_FAMILY = "1,2";
				TVOS_DEPLOYMENT_TARGET = 16.6;
			};
			name = Debug;
		};
		6F9360C22DD9725C0065A440 /* Release */ = {
			isa = XCBuildConfiguration;
			buildSettings = {
				ASSETCATALOG_COMPILER_APPICON_NAME = AppIcon;
				ASSETCATALOG_COMPILER_GLOBAL_ACCENT_COLOR_NAME = AccentColor;
				ASSETCATALOG_COMPILER_INCLUDE_ALL_APPICON_ASSETS = YES;
				CODE_SIGN_ENTITLEMENTS = "Circles-iOS-UIKit/Circles-iOS.entitlements";
				CODE_SIGN_IDENTITY = "Apple Development";
				CODE_SIGN_STYLE = Automatic;
				CURRENT_PROJECT_VERSION = 1;
				DEVELOPMENT_TEAM = 67E8B4E8HV;
				GENERATE_INFOPLIST_FILE = YES;
				INFOPLIST_FILE = "Circles-iOS-UIKit/Info.plist";
				INFOPLIST_KEY_NSCameraUsageDescription = "Circles needs access to your camera to take photos of places and update your profile picture.";
				INFOPLIST_KEY_NSContactsUsageDescription = "Circles needs access to your contacts to help you find friends.";
				INFOPLIST_KEY_NSLocationAlwaysAndWhenInUseUsageDescription = "Circles needs your location to show places near you and add new places to your circles.";
				INFOPLIST_KEY_NSLocationWhenInUseUsageDescription = "Circles needs your location to show places near you and add new places to your circles.";
				INFOPLIST_KEY_NSPhotoLibraryAddUsageDescription = "Circles needs permission to save photos to your library.";
				INFOPLIST_KEY_NSPhotoLibraryUsageDescription = "Circles needs access to your photos to upload images for places and profiles.";
				INFOPLIST_KEY_UIApplicationSupportsIndirectInputEvents = YES;
				INFOPLIST_KEY_UILaunchStoryboardName = LaunchScreen;
				INFOPLIST_KEY_UIMainStoryboardFile = Main;
				INFOPLIST_KEY_UIRequiresFullScreen = NO;
				INFOPLIST_KEY_UIStatusBarStyle = UIStatusBarStyleDefault;
				INFOPLIST_KEY_UISupportedInterfaceOrientations = UIInterfaceOrientationPortrait;
				INFOPLIST_KEY_UISupportedInterfaceOrientations_iPad = "UIInterfaceOrientationPortrait UIInterfaceOrientationPortraitUpsideDown UIInterfaceOrientationLandscapeLeft UIInterfaceOrientationLandscapeRight";
				INFOPLIST_KEY_UISupportedInterfaceOrientations_iPhone = "UIInterfaceOrientationPortrait UIInterfaceOrientationLandscapeLeft UIInterfaceOrientationLandscapeRight";
				IPHONEOS_DEPLOYMENT_TARGET = 16.0;
				LD_RUNPATH_SEARCH_PATHS = (
					"$(inherited)",
					"@executable_path/Frameworks",
				);
				MARKETING_VERSION = 1.0;
				PRODUCT_BUNDLE_IDENTIFIER = com.favcircles.circles;
				PRODUCT_NAME = "$(TARGET_NAME)";
				PROVISIONING_PROFILE_SPECIFIER = "";
				SWIFT_EMIT_LOC_STRINGS = YES;
				SWIFT_VERSION = 5.0;
				TARGETED_DEVICE_FAMILY = "1,2";
				TVOS_DEPLOYMENT_TARGET = 16.6;
			};
			name = Release;
		};
		6F9360C32DD9725C0065A440 /* Debug */ = {
			isa = XCBuildConfiguration;
			buildSettings = {
				ALWAYS_SEARCH_USER_PATHS = NO;
				ASSETCATALOG_COMPILER_GENERATE_SWIFT_ASSET_SYMBOL_EXTENSIONS = YES;
				CLANG_ANALYZER_NONNULL = YES;
				CLANG_ANALYZER_NUMBER_OBJECT_CONVERSION = YES_AGGRESSIVE;
				CLANG_CXX_LANGUAGE_STANDARD = "gnu++20";
				CLANG_ENABLE_MODULES = YES;
				CLANG_ENABLE_OBJC_ARC = YES;
				CLANG_ENABLE_OBJC_WEAK = YES;
				CLANG_WARN_BLOCK_CAPTURE_AUTORELEASING = YES;
				CLANG_WARN_BOOL_CONVERSION = YES;
				CLANG_WARN_COMMA = YES;
				CLANG_WARN_CONSTANT_CONVERSION = YES;
				CLANG_WARN_DEPRECATED_OBJC_IMPLEMENTATIONS = YES;
				CLANG_WARN_DIRECT_OBJC_ISA_USAGE = YES_ERROR;
				CLANG_WARN_DOCUMENTATION_COMMENTS = YES;
				CLANG_WARN_EMPTY_BODY = YES;
				CLANG_WARN_ENUM_CONVERSION = YES;
				CLANG_WARN_INFINITE_RECURSION = YES;
				CLANG_WARN_INT_CONVERSION = YES;
				CLANG_WARN_NON_LITERAL_NULL_CONVERSION = YES;
				CLANG_WARN_OBJC_IMPLICIT_RETAIN_SELF = YES;
				CLANG_WARN_OBJC_LITERAL_CONVERSION = YES;
				CLANG_WARN_OBJC_ROOT_CLASS = YES_ERROR;
				CLANG_WARN_QUOTED_INCLUDE_IN_FRAMEWORK_HEADER = YES;
				CLANG_WARN_RANGE_LOOP_ANALYSIS = YES;
				CLANG_WARN_STRICT_PROTOTYPES = YES;
				CLANG_WARN_SUSPICIOUS_MOVE = YES;
				CLANG_WARN_UNGUARDED_AVAILABILITY = YES_AGGRESSIVE;
				CLANG_WARN_UNREACHABLE_CODE = YES;
				CLANG_WARN__DUPLICATE_METHOD_MATCH = YES;
				COPY_PHASE_STRIP = NO;
				DEBUG_INFORMATION_FORMAT = dwarf;
				DEVELOPMENT_TEAM = Y3XSN56Z5K;
				ENABLE_STRICT_OBJC_MSGSEND = YES;
				ENABLE_TESTABILITY = YES;
				ENABLE_USER_SCRIPT_SANDBOXING = YES;
				GCC_C_LANGUAGE_STANDARD = gnu17;
				GCC_DYNAMIC_NO_PIC = NO;
				GCC_NO_COMMON_BLOCKS = YES;
				GCC_OPTIMIZATION_LEVEL = 0;
				GCC_PREPROCESSOR_DEFINITIONS = (
					"DEBUG=1",
					"$(inherited)",
				);
				GCC_WARN_64_TO_32_BIT_CONVERSION = YES;
				GCC_WARN_ABOUT_RETURN_TYPE = YES_ERROR;
				GCC_WARN_UNDECLARED_SELECTOR = YES;
				GCC_WARN_UNINITIALIZED_AUTOS = YES_AGGRESSIVE;
				GCC_WARN_UNUSED_FUNCTION = YES;
				GCC_WARN_UNUSED_VARIABLE = YES;
				IPHONEOS_DEPLOYMENT_TARGET = 16.0;
				LOCALIZATION_PREFERS_STRING_CATALOGS = YES;
				MTL_ENABLE_DEBUG_INFO = INCLUDE_SOURCE;
				MTL_FAST_MATH = YES;
				ONLY_ACTIVE_ARCH = YES;
				SDKROOT = iphoneos;
				SWIFT_ACTIVE_COMPILATION_CONDITIONS = "DEBUG $(inherited)";
				SWIFT_OPTIMIZATION_LEVEL = "-Onone";
			};
			name = Debug;
		};
		6F9360C42DD9725C0065A440 /* Release */ = {
			isa = XCBuildConfiguration;
			buildSettings = {
				ALWAYS_SEARCH_USER_PATHS = NO;
				ASSETCATALOG_COMPILER_GENERATE_SWIFT_ASSET_SYMBOL_EXTENSIONS = YES;
				CLANG_ANALYZER_NONNULL = YES;
				CLANG_ANALYZER_NUMBER_OBJECT_CONVERSION = YES_AGGRESSIVE;
				CLANG_CXX_LANGUAGE_STANDARD = "gnu++20";
				CLANG_ENABLE_MODULES = YES;
				CLANG_ENABLE_OBJC_ARC = YES;
				CLANG_ENABLE_OBJC_WEAK = YES;
				CLANG_WARN_BLOCK_CAPTURE_AUTORELEASING = YES;
				CLANG_WARN_BOOL_CONVERSION = YES;
				CLANG_WARN_COMMA = YES;
				CLANG_WARN_CONSTANT_CONVERSION = YES;
				CLANG_WARN_DEPRECATED_OBJC_IMPLEMENTATIONS = YES;
				CLANG_WARN_DIRECT_OBJC_ISA_USAGE = YES_ERROR;
				CLANG_WARN_DOCUMENTATION_COMMENTS = YES;
				CLANG_WARN_EMPTY_BODY = YES;
				CLANG_WARN_ENUM_CONVERSION = YES;
				CLANG_WARN_INFINITE_RECURSION = YES;
				CLANG_WARN_INT_CONVERSION = YES;
				CLANG_WARN_NON_LITERAL_NULL_CONVERSION = YES;
				CLANG_WARN_OBJC_IMPLICIT_RETAIN_SELF = YES;
				CLANG_WARN_OBJC_LITERAL_CONVERSION = YES;
				CLANG_WARN_OBJC_ROOT_CLASS = YES_ERROR;
				CLANG_WARN_QUOTED_INCLUDE_IN_FRAMEWORK_HEADER = YES;
				CLANG_WARN_RANGE_LOOP_ANALYSIS = YES;
				CLANG_WARN_STRICT_PROTOTYPES = YES;
				CLANG_WARN_SUSPICIOUS_MOVE = YES;
				CLANG_WARN_UNGUARDED_AVAILABILITY = YES_AGGRESSIVE;
				CLANG_WARN_UNREACHABLE_CODE = YES;
				CLANG_WARN__DUPLICATE_METHOD_MATCH = YES;
				COPY_PHASE_STRIP = NO;
				DEBUG_INFORMATION_FORMAT = "dwarf-with-dsym";
				DEVELOPMENT_TEAM = Y3XSN56Z5K;
				ENABLE_NS_ASSERTIONS = NO;
				ENABLE_STRICT_OBJC_MSGSEND = YES;
				ENABLE_USER_SCRIPT_SANDBOXING = YES;
				GCC_C_LANGUAGE_STANDARD = gnu17;
				GCC_NO_COMMON_BLOCKS = YES;
				GCC_WARN_64_TO_32_BIT_CONVERSION = YES;
				GCC_WARN_ABOUT_RETURN_TYPE = YES_ERROR;
				GCC_WARN_UNDECLARED_SELECTOR = YES;
				GCC_WARN_UNINITIALIZED_AUTOS = YES_AGGRESSIVE;
				GCC_WARN_UNUSED_FUNCTION = YES;
				GCC_WARN_UNUSED_VARIABLE = YES;
				IPHONEOS_DEPLOYMENT_TARGET = 16.0;
				LOCALIZATION_PREFERS_STRING_CATALOGS = YES;
				MTL_ENABLE_DEBUG_INFO = NO;
				MTL_FAST_MATH = YES;
				SDKROOT = iphoneos;
				SWIFT_COMPILATION_MODE = wholemodule;
				VALIDATE_PRODUCT = YES;
			};
			name = Release;
		};
		6F9360C62DD9725C0065A440 /* Debug */ = {
			isa = XCBuildConfiguration;
			buildSettings = {
				BUNDLE_LOADER = "$(TEST_HOST)";
				CODE_SIGN_STYLE = Automatic;
				CURRENT_PROJECT_VERSION = 1;
				DEVELOPMENT_TEAM = Y3XSN56Z5K;
				GENERATE_INFOPLIST_FILE = YES;
				IPHONEOS_DEPLOYMENT_TARGET = 16.0;
				MARKETING_VERSION = 1.0;
				PRODUCT_BUNDLE_IDENTIFIER = "com.favcircles.circles.Circles-iOS-UIKitTests";
				PRODUCT_NAME = "$(TARGET_NAME)";
				SWIFT_EMIT_LOC_STRINGS = NO;
				SWIFT_VERSION = 5.0;
				TARGETED_DEVICE_FAMILY = "1,2";
				TEST_HOST = "$(BUILT_PRODUCTS_DIR)/Circles-iOS.app/$(BUNDLE_EXECUTABLE_FOLDER_PATH)/Circles-iOS";
			};
			name = Debug;
		};
		6F9360C72DD9725C0065A440 /* Release */ = {
			isa = XCBuildConfiguration;
			buildSettings = {
				BUNDLE_LOADER = "$(TEST_HOST)";
				CODE_SIGN_STYLE = Automatic;
				CURRENT_PROJECT_VERSION = 1;
				DEVELOPMENT_TEAM = Y3XSN56Z5K;
				GENERATE_INFOPLIST_FILE = YES;
				IPHONEOS_DEPLOYMENT_TARGET = 16.0;
				MARKETING_VERSION = 1.0;
				PRODUCT_BUNDLE_IDENTIFIER = "com.favcircles.circles.Circles-iOS-UIKitTests";
				PRODUCT_NAME = "$(TARGET_NAME)";
				SWIFT_EMIT_LOC_STRINGS = NO;
				SWIFT_VERSION = 5.0;
				TARGETED_DEVICE_FAMILY = "1,2";
				TEST_HOST = "$(BUILT_PRODUCTS_DIR)/Circles-iOS.app/$(BUNDLE_EXECUTABLE_FOLDER_PATH)/Circles-iOS";
			};
			name = Release;
		};
		6F9360C92DD9725C0065A440 /* Debug */ = {
			isa = XCBuildConfiguration;
			buildSettings = {
				CODE_SIGN_STYLE = Automatic;
				CURRENT_PROJECT_VERSION = 1;
				DEVELOPMENT_TEAM = Y3XSN56Z5K;
				GENERATE_INFOPLIST_FILE = YES;
				MARKETING_VERSION = 1.0;
				PRODUCT_BUNDLE_IDENTIFIER = "com.favcircles.circles.Circles-iOS-UIKitUITests";
				PRODUCT_NAME = "$(TARGET_NAME)";
				SWIFT_EMIT_LOC_STRINGS = NO;
				SWIFT_VERSION = 5.0;
				TARGETED_DEVICE_FAMILY = "1,2";
				TEST_TARGET_NAME = "Circles-iOS-UIKit";
			};
			name = Debug;
		};
		6F9360CA2DD9725C0065A440 /* Release */ = {
			isa = XCBuildConfiguration;
			buildSettings = {
				CODE_SIGN_STYLE = Automatic;
				CURRENT_PROJECT_VERSION = 1;
				DEVELOPMENT_TEAM = Y3XSN56Z5K;
				GENERATE_INFOPLIST_FILE = YES;
				MARKETING_VERSION = 1.0;
				PRODUCT_BUNDLE_IDENTIFIER = "com.favcircles.circles.Circles-iOS-UIKitUITests";
				PRODUCT_NAME = "$(TARGET_NAME)";
				SWIFT_EMIT_LOC_STRINGS = NO;
				SWIFT_VERSION = 5.0;
				TARGETED_DEVICE_FAMILY = "1,2";
				TEST_TARGET_NAME = "Circles-iOS-UIKit";
			};
			name = Release;
		};
/* End XCBuildConfiguration section */

/* Begin XCConfigurationList section */
		6F9360922DD9725A0065A440 /* Build configuration list for PBXProject "Circles-iOS" */ = {
			isa = XCConfigurationList;
			buildConfigurations = (
				6F9360C32DD9725C0065A440 /* Debug */,
				6F9360C42DD9725C0065A440 /* Release */,
			);
			defaultConfigurationIsVisible = 0;
			defaultConfigurationName = Release;
		};
		6F9360C02DD9725C0065A440 /* Build configuration list for PBXNativeTarget "Circles-iOS" */ = {
			isa = XCConfigurationList;
			buildConfigurations = (
				6F9360C12DD9725C0065A440 /* Debug */,
				6F9360C22DD9725C0065A440 /* Release */,
			);
			defaultConfigurationIsVisible = 0;
			defaultConfigurationName = Release;
		};
		6F9360C52DD9725C0065A440 /* Build configuration list for PBXNativeTarget "Circles-iOSTests" */ = {
			isa = XCConfigurationList;
			buildConfigurations = (
				6F9360C62DD9725C0065A440 /* Debug */,
				6F9360C72DD9725C0065A440 /* Release */,
			);
			defaultConfigurationIsVisible = 0;
			defaultConfigurationName = Release;
		};
		6F9360C82DD9725C0065A440 /* Build configuration list for PBXNativeTarget "Circles-iOSUITests" */ = {
			isa = XCConfigurationList;
			buildConfigurations = (
				6F9360C92DD9725C0065A440 /* Debug */,
				6F9360CA2DD9725C0065A440 /* Release */,
			);
			defaultConfigurationIsVisible = 0;
			defaultConfigurationName = Release;
		};
/* End XCConfigurationList section */

/* Begin XCRemoteSwiftPackageReference section */
		6F2850052DF86D25006E99CA /* XCRemoteSwiftPackageReference "ios-places-sdk" */ = {
			isa = XCRemoteSwiftPackageReference;
			repositoryURL = "https://github.com/googlemaps/ios-places-sdk";
			requirement = {
				kind = upToNextMajorVersion;
				minimumVersion = 10.0.0;
			};
		};
		6F545FB52DE6021A00EC377D /* XCRemoteSwiftPackageReference "facebook-ios-sdk" */ = {
			isa = XCRemoteSwiftPackageReference;
			repositoryURL = "https://github.com/facebook/facebook-ios-sdk";
			requirement = {
				kind = upToNextMajorVersion;
				minimumVersion = 14.1.0;
			};
		};
		6FD782302DDB603400443471 /* XCRemoteSwiftPackageReference "GoogleSignIn-iOS" */ = {
			isa = XCRemoteSwiftPackageReference;
			repositoryURL = "https://github.com/google/GoogleSignIn-iOS";
			requirement = {
				kind = upToNextMajorVersion;
				minimumVersion = 8.0.0;
			};
		};
		6FE8F0B42DF7BFA7007CB88E /* XCRemoteSwiftPackageReference "firebase-ios-sdk" */ = {
			isa = XCRemoteSwiftPackageReference;
			repositoryURL = "https://github.com/firebase/firebase-ios-sdk";
			requirement = {
				kind = upToNextMajorVersion;
				minimumVersion = 11.14.0;
			};
		};
/* End XCRemoteSwiftPackageReference section */

/* Begin XCSwiftPackageProductDependency section */
		6F545FB62DE6021A00EC377D /* FacebookBasics */ = {
			isa = XCSwiftPackageProductDependency;
			package = 6F545FB52DE6021A00EC377D /* XCRemoteSwiftPackageReference "facebook-ios-sdk" */;
			productName = FacebookBasics;
		};
		6F545FB82DE6021A00EC377D /* FacebookCore */ = {
			isa = XCSwiftPackageProductDependency;
			package = 6F545FB52DE6021A00EC377D /* XCRemoteSwiftPackageReference "facebook-ios-sdk" */;
			productName = FacebookCore;
		};
		6F545FBA2DE6021A00EC377D /* FacebookLogin */ = {
			isa = XCSwiftPackageProductDependency;
			package = 6F545FB52DE6021A00EC377D /* XCRemoteSwiftPackageReference "facebook-ios-sdk" */;
			productName = FacebookLogin;
		};
		6FD75B7F2DF917F60047CD9E /* GooglePlaces */ = {
			isa = XCSwiftPackageProductDependency;
			package = 6F2850052DF86D25006E99CA /* XCRemoteSwiftPackageReference "ios-places-sdk" */;
			productName = GooglePlaces;
		};
		6FD75B812DF917F60047CD9E /* GooglePlacesSwift */ = {
			isa = XCSwiftPackageProductDependency;
			package = 6F2850052DF86D25006E99CA /* XCRemoteSwiftPackageReference "ios-places-sdk" */;
			productName = GooglePlacesSwift;
		};
		6FD782312DDB603400443471 /* GoogleSignIn */ = {
			isa = XCSwiftPackageProductDependency;
			package = 6FD782302DDB603400443471 /* XCRemoteSwiftPackageReference "GoogleSignIn-iOS" */;
			productName = GoogleSignIn;
		};
		6FD782332DDB603400443471 /* GoogleSignInSwift */ = {
			isa = XCSwiftPackageProductDependency;
			package = 6FD782302DDB603400443471 /* XCRemoteSwiftPackageReference "GoogleSignIn-iOS" */;
			productName = GoogleSignInSwift;
		};
		6FE8F0B62DF7C276007CB88E /* FirebaseAnalytics */ = {
			isa = XCSwiftPackageProductDependency;
			package = 6FE8F0B42DF7BFA7007CB88E /* XCRemoteSwiftPackageReference "firebase-ios-sdk" */;
			productName = FirebaseAnalytics;
		};
		6FE8F0B82DF7C291007CB88E /* FirebaseAuth */ = {
			isa = XCSwiftPackageProductDependency;
			package = 6FE8F0B42DF7BFA7007CB88E /* XCRemoteSwiftPackageReference "firebase-ios-sdk" */;
			productName = FirebaseAuth;
		};
/* End XCSwiftPackageProductDependency section */
	};
	rootObject = 6F93608F2DD9725A0065A440 /* Project object */;
}
